
Microsoft Visual Studio Solution File, Format Version 12.00
# Visual Studio Version 16
VisualStudioVersion = 16.0.31729.503
MinimumVisualStudioVersion = 10.0.40219.1
Project("{FAE04EC0-301F-11D3-BF4B-00C04F79EFBC}") = "K181185_QS1", "K181185_QS1.csproj", "{77D5FFA7-EF1B-4227-9DF3-E758C0F62E63}"
EndProject
Global
	GlobalSection(SolutionConfigurationPlatforms) = preSolution
		Debug|Any CPU = Debug|Any CPU
		Release|Any CPU = Release|Any CPU
	EndGlobalSection
	GlobalSection(ProjectConfigurationPlatforms) = postSolution
		{77D5FFA7-EF1B-4227-9DF3-E758C0F62E63}.Debug|Any CPU.ActiveCfg = Debug|Any CPU
		{77D5FFA7-EF1B-4227-9DF3-E758C0F62E63}.Debug|Any CPU.Build.0 = Debug|Any CPU
		{77D5FFA7-EF1B-4227-9DF3-E758C0F62E63}.Release|Any CPU.ActiveCfg = Release|Any CPU
		{77D5FFA7-EF1B-4227-9DF3-E758C0F62E63}.Release|Any CPU.Build.0 = Release|Any CPU
	EndGlobalSection
	GlobalSection(SolutionProperties) = preSolution
		HideSolutionNode = FALSE
	EndGlobalSection
	GlobalSection(ExtensibilityGlobals) = postSolution
		SolutionGuid = {03394544-09A2-43A5-B87D-E9A0A6A12244}
	EndGlobalSection
EndGlobal
